
Microsoft Visual Studio Solution File, Format Version 12.00
# Visual Studio Version 17
VisualStudioVersion = 17.14.36518.9 d17.14
MinimumVisualStudioVersion = 10.0.40219.1
Project("{FAE04EC0-301F-11D3-BF4B-00C04F79EFBC}") = "LINQ-L1", "LINQ-L1.csproj", "{1C000F6C-341E-4087-933B-C859DB3BCF31}"
EndProject
Global
	GlobalSection(SolutionConfigurationPlatforms) = preSolution
		Debug|Any CPU = Debug|Any CPU
		Release|Any CPU = Release|Any CPU
	EndGlobalSection
	GlobalSection(ProjectConfigurationPlatforms) = postSolution
		{1C000F6C-341E-4087-933B-C859DB3BCF31}.Debug|Any CPU.ActiveCfg = Debug|Any CPU
		{1C000F6C-341E-4087-933B-C859DB3BCF31}.Debug|Any CPU.Build.0 = Debug|Any CPU
		{1C000F6C-341E-4087-933B-C859DB3BCF31}.Release|Any CPU.ActiveCfg = Release|Any CPU
		{1C000F6C-341E-4087-933B-C859DB3BCF31}.Release|Any CPU.Build.0 = Release|Any CPU
	EndGlobalSection
	GlobalSection(SolutionProperties) = preSolution
		HideSolutionNode = FALSE
	EndGlobalSection
	GlobalSection(ExtensibilityGlobals) = postSolution
		SolutionGuid = {C7906E88-20AE-47FA-A112-23A235B5F1B3}
	EndGlobalSection
EndGlobal
